
Microsoft Visual Studio Solution File, Format Version 12.00
# Visual Studio 2013
VisualStudioVersion = 12.0.31101.0
MinimumVisualStudioVersion = 10.0.40219.1
Project("{FAE04EC0-301F-11D3-BF4B-00C04F79EFBC}") = "NavigationEdge", "NavigationEdge\NavigationEdge.csproj", "{C96D8EE1-AB62-46A3-8AAF-4BBC78EA1E80}"
EndProject
Project("{2150E333-8FDC-42A3-9474-1A3956D46DE8}") = ".nuget", ".nuget", "{91A772D3-1E9B-4F06-B290-2699F196A57C}"
	ProjectSection(SolutionItems) = preProject
		.nuget\NuGet.Config = .nuget\NuGet.Config
		.nuget\NuGet.exe = .nuget\NuGet.exe
		.nuget\NuGet.targets = .nuget\NuGet.targets
	EndProjectSection
EndProject
Project("{FAE04EC0-301F-11D3-BF4B-00C04F79EFBC}") = "NavigationEdgeApi", "NavigationEdgeApi\NavigationEdgeApi.csproj", "{5A9AEA28-F506-4327-A713-9047FB7948C6}"
EndProject
Global
	GlobalSection(SolutionConfigurationPlatforms) = preSolution
		Debug|Any CPU = Debug|Any CPU
		Release|Any CPU = Release|Any CPU
	EndGlobalSection
	GlobalSection(ProjectConfigurationPlatforms) = postSolution
		{C96D8EE1-AB62-46A3-8AAF-4BBC78EA1E80}.Debug|Any CPU.ActiveCfg = Debug|Any CPU
		{C96D8EE1-AB62-46A3-8AAF-4BBC78EA1E80}.Debug|Any CPU.Build.0 = Debug|Any CPU
		{C96D8EE1-AB62-46A3-8AAF-4BBC78EA1E80}.Release|Any CPU.ActiveCfg = Release|Any CPU
		{C96D8EE1-AB62-46A3-8AAF-4BBC78EA1E80}.Release|Any CPU.Build.0 = Release|Any CPU
		{5A9AEA28-F506-4327-A713-9047FB7948C6}.Debug|Any CPU.ActiveCfg = Debug|Any CPU
		{5A9AEA28-F506-4327-A713-9047FB7948C6}.Debug|Any CPU.Build.0 = Debug|Any CPU
		{5A9AEA28-F506-4327-A713-9047FB7948C6}.Release|Any CPU.ActiveCfg = Release|Any CPU
		{5A9AEA28-F506-4327-A713-9047FB7948C6}.Release|Any CPU.Build.0 = Release|Any CPU
	EndGlobalSection
	GlobalSection(SolutionProperties) = preSolution
		HideSolutionNode = FALSE
	EndGlobalSection
EndGlobal
